
Microsoft Visual Studio Solution File, Format Version 12.00
# Visual Studio Version 17
VisualStudioVersion = 17.10.34928.147
MinimumVisualStudioVersion = 10.0.40219.1
Project("{FAE04EC0-301F-11D3-BF4B-00C04F79EFBC}") = "KucaVjezbanje", "KucaVjezbanje\KucaVjezbanje.csproj", "{6FBAD0B2-8CD4-4998-8A7A-16CC584D17D8}"
EndProject
Global
	GlobalSection(SolutionConfigurationPlatforms) = preSolution
		Debug|Any CPU = Debug|Any CPU
		Release|Any CPU = Release|Any CPU
	EndGlobalSection
	GlobalSection(ProjectConfigurationPlatforms) = postSolution
		{6FBAD0B2-8CD4-4998-8A7A-16CC584D17D8}.Debug|Any CPU.ActiveCfg = Debug|Any CPU
		{6FBAD0B2-8CD4-4998-8A7A-16CC584D17D8}.Debug|Any CPU.Build.0 = Debug|Any CPU
		{6FBAD0B2-8CD4-4998-8A7A-16CC584D17D8}.Release|Any CPU.ActiveCfg = Release|Any CPU
		{6FBAD0B2-8CD4-4998-8A7A-16CC584D17D8}.Release|Any CPU.Build.0 = Release|Any CPU
	EndGlobalSection
	GlobalSection(SolutionProperties) = preSolution
		HideSolutionNode = FALSE
	EndGlobalSection
	GlobalSection(ExtensibilityGlobals) = postSolution
		SolutionGuid = {A946C5E8-D379-4A9A-8791-7E6F094E25E1}
	EndGlobalSection
EndGlobal
